
Microsoft Visual Studio Solution File, Format Version 12.00
# Visual Studio Version 17
VisualStudioVersion = 17.3.32825.248
MinimumVisualStudioVersion = 10.0.40219.1
Project("{FAE04EC0-301F-11D3-BF4B-00C04F79EFBC}") = "ShowImageApp", "ShowImageApp\ShowImageApp.csproj", "{77A7CBFA-F878-4F96-AE4C-5CF9974DA9D0}"
EndProject
Global
	GlobalSection(SolutionConfigurationPlatforms) = preSolution
		Debug|Any CPU = Debug|Any CPU
		Release|Any CPU = Release|Any CPU
	EndGlobalSection
	GlobalSection(ProjectConfigurationPlatforms) = postSolution
		{77A7CBFA-F878-4F96-AE4C-5CF9974DA9D0}.Debug|Any CPU.ActiveCfg = Debug|Any CPU
		{77A7CBFA-F878-4F96-AE4C-5CF9974DA9D0}.Debug|Any CPU.Build.0 = Debug|Any CPU
		{77A7CBFA-F878-4F96-AE4C-5CF9974DA9D0}.Release|Any CPU.ActiveCfg = Release|Any CPU
		{77A7CBFA-F878-4F96-AE4C-5CF9974DA9D0}.Release|Any CPU.Build.0 = Release|Any CPU
	EndGlobalSection
	GlobalSection(SolutionProperties) = preSolution
		HideSolutionNode = FALSE
	EndGlobalSection
	GlobalSection(ExtensibilityGlobals) = postSolution
		SolutionGuid = {4F6BFFA5-9E71-47B2-9DD1-8771771A37F3}
	EndGlobalSection
EndGlobal
